{
  "name": "01USNH_UNH-LAW",
  "version": "1.0.0",
  "lockfileVersion": 1,
  "requires": true,
  "dependencies": {
    "primo-explore-unpaywall": {
      "version": "1.4.1",
      "resolved": "https://registry.npmjs.org/primo-explore-unpaywall/-/primo-explore-unpaywall-1.4.1.tgz",
      "integrity": "sha512-9De/bhxSvSNX1dxyMvWJ2aM2XQWY0GQj9PizwS4rVkR4Guy1QqAI3vFJYyAf6qISzQJVUz2vNvYEVYK/V+cGAA==",
      "dev": true
    }
  }
}
